PODS:
  - Flutter (1.0.0)
  - fluttertoast (0.0.2):
    - Flutter
    - Toast
  - google_maps_flutter_ios (0.0.1):
    - Flutter
    - GoogleMaps
  - GoogleMaps (6.2.1):
    - GoogleMaps/Maps (= 6.2.1)
  - GoogleMaps/Base (6.2.1)
  - GoogleMaps/Maps (6.2.1):
    - GoogleMaps/Base
  - path_provider_ios (0.0.1):
    - Flutter
  - "permission_handler (5.1.0+2)":
    - Flutter
  - shared_preferences_ios (0.0.1):
    - Flutter
  - Toast (4.0.0)
  - url_launcher_ios (0.0.1):
    - Flutter

DEPENDENCIES:
  - Flutter (from `Flutter`)
  - fluttertoast (from `.symlinks/plugins/fluttertoast/ios`)
  - google_maps_flutter_ios (from `.symlinks/plugins/google_maps_flutter_ios/ios`)
  - path_provider_ios (from `.symlinks/plugins/path_provider_ios/ios`)
  - permission_handler (from `.symlinks/plugins/permission_handler/ios`)
  - shared_preferences_ios (from `.symlinks/plugins/shared_preferences_ios/ios`)
  - url_launcher_ios (from `.symlinks/plugins/url_launcher_ios/ios`)

SPEC REPOS:
  trunk:
    - GoogleMaps
    - Toast

EXTERNAL SOURCES:
  Flutter:
    :path: Flutter
  fluttertoast:
    :path: ".symlinks/plugins/fluttertoast/ios"
  google_maps_flutter_ios:
    :path: ".symlinks/plugins/google_maps_flutter_ios/ios"
  path_provider_ios:
    :path: ".symlinks/plugins/path_provider_ios/ios"
  permission_handler:
    :path: ".symlinks/plugins/permission_handler/ios"
  shared_preferences_ios:
    :path: ".symlinks/plugins/shared_preferences_ios/ios"
  url_launcher_ios:
    :path: ".symlinks/plugins/url_launcher_ios/ios"

SPEC CHECKSUMS:
  Flutter: f04841e97a9d0b0a8025694d0796dd46242b2854
  fluttertoast: 74526702fea2c060ea55dde75895b7e1bde1c86b
  google_maps_flutter_ios: 66201f392bf62d500f07670a30488a247b9bb5b9
  GoogleMaps: 20d7b12be49a14287f797e88e0e31bc4156aaeb4
  path_provider_ios: 14f3d2fd28c4fdb42f44e0f751d12861c43cee02
  permission_handler: ccb20a9fad0ee9b1314a52b70b76b473c5f8dab0
  shared_preferences_ios: 548a61f8053b9b8a49ac19c1ffbc8b92c50d68ad
  Toast: 91b396c56ee72a5790816f40d3a94dd357abc196
  url_launcher_ios: 839c58cdb4279282219f5e248c3321761ff3c4de

PODFILE CHECKSUM: 8bef7e7fdd77089d62d8cca8548dfa72ac2f8498

COCOAPODS: 1.11.3
