PODS:
  - Flutter (1.0.0)
  - fluttertoast (0.0.2):
    - Flutter
    - Toast
  - google_maps_flutter (0.0.1):
    - Flutter
    - GoogleMaps
  - GoogleMaps (3.9.0):
    - GoogleMaps/Maps (= 3.9.0)
  - GoogleMaps/Base (3.9.0)
  - GoogleMaps/Maps (3.9.0):
    - GoogleMaps/Base
  - path_provider_ios (0.0.1):
    - Flutter
  - "permission_handler (5.1.0+2)":
    - Flutter
  - shared_preferences_ios (0.0.1):
    - Flutter
  - Toast (4.0.0)
  - url_launcher_ios (0.0.1):
    - Flutter

DEPENDENCIES:
  - Flutter (from `Flutter`)
  - fluttertoast (from `.symlinks/plugins/fluttertoast/ios`)
  - google_maps_flutter (from `.symlinks/plugins/google_maps_flutter/ios`)
  - path_provider_ios (from `.symlinks/plugins/path_provider_ios/ios`)
  - permission_handler (from `.symlinks/plugins/permission_handler/ios`)
  - shared_preferences_ios (from `.symlinks/plugins/shared_preferences_ios/ios`)
  - url_launcher_ios (from `.symlinks/plugins/url_launcher_ios/ios`)

SPEC REPOS:
  trunk:
    - GoogleMaps
    - Toast

EXTERNAL SOURCES:
  Flutter:
    :path: Flutter
  fluttertoast:
    :path: ".symlinks/plugins/fluttertoast/ios"
  google_maps_flutter:
    :path: ".symlinks/plugins/google_maps_flutter/ios"
  path_provider_ios:
    :path: ".symlinks/plugins/path_provider_ios/ios"
  permission_handler:
    :path: ".symlinks/plugins/permission_handler/ios"
  shared_preferences_ios:
    :path: ".symlinks/plugins/shared_preferences_ios/ios"
  url_launcher_ios:
    :path: ".symlinks/plugins/url_launcher_ios/ios"

SPEC CHECKSUMS:
  Flutter: 50d75fe2f02b26cc09d224853bb45737f8b3214a
  fluttertoast: 6122fa75143e992b1d3470f61000f591a798cc58
  google_maps_flutter: abdb8dee6c52d4be36ad131ee6ebfacd14417c5a
  GoogleMaps: 4b5346bddfe6911bb89155d43c903020170523ac
  path_provider_ios: 7d7ce634493af4477d156294792024ec3485acd5
  permission_handler: ccb20a9fad0ee9b1314a52b70b76b473c5f8dab0
  shared_preferences_ios: aef470a42dc4675a1cdd50e3158b42e3d1232b32
  Toast: 91b396c56ee72a5790816f40d3a94dd357abc196
  url_launcher_ios: 02f1989d4e14e998335b02b67a7590fa34f971af

PODFILE CHECKSUM: c9bc8378db93bcbd27208967cc090653ce0afbd5

COCOAPODS: 1.11.2
